
Microsoft Visual Studio Solution File, Format Version 12.00
# Visual Studio Version 17
VisualStudioVersion = 17.0.31903.59
MinimumVisualStudioVersion = 10.0.40219.1
Project("{FAE04EC0-301F-11D3-BF4B-00C04F79EFBC}") = "API", "API\API.csproj", "{A3BC53BE-0D77-4A65-87FF-FD8363027FEF}"
EndProject
Project("{FAE04EC0-301F-11D3-BF4B-00C04F79EFBC}") = "Core", "Core\Core.csproj", "{15C7BE51-2809-4B8B-9AA8-E193F0896126}"
EndProject
Project("{FAE04EC0-301F-11D3-BF4B-00C04F79EFBC}") = "Infrastructure", "Infrastructure\Infrastructure.csproj", "{57FB0166-9A48-499B-AF89-304E9B8C71AB}"
EndProject
Global
	GlobalSection(SolutionConfigurationPlatforms) = preSolution
		Debug|Any CPU = Debug|Any CPU
		Release|Any CPU = Release|Any CPU
	EndGlobalSection
	GlobalSection(SolutionProperties) = preSolution
		HideSolutionNode = FALSE
	EndGlobalSection
	GlobalSection(ProjectConfigurationPlatforms) = postSolution
		{A3BC53BE-0D77-4A65-87FF-FD8363027FEF}.Debug|Any CPU.ActiveCfg = Debug|Any CPU
		{A3BC53BE-0D77-4A65-87FF-FD8363027FEF}.Debug|Any CPU.Build.0 = Debug|Any CPU
		{A3BC53BE-0D77-4A65-87FF-FD8363027FEF}.Release|Any CPU.ActiveCfg = Release|Any CPU
		{A3BC53BE-0D77-4A65-87FF-FD8363027FEF}.Release|Any CPU.Build.0 = Release|Any CPU
		{15C7BE51-2809-4B8B-9AA8-E193F0896126}.Debug|Any CPU.ActiveCfg = Debug|Any CPU
		{15C7BE51-2809-4B8B-9AA8-E193F0896126}.Debug|Any CPU.Build.0 = Debug|Any CPU
		{15C7BE51-2809-4B8B-9AA8-E193F0896126}.Release|Any CPU.ActiveCfg = Release|Any CPU
		{15C7BE51-2809-4B8B-9AA8-E193F0896126}.Release|Any CPU.Build.0 = Release|Any CPU
		{57FB0166-9A48-499B-AF89-304E9B8C71AB}.Debug|Any CPU.ActiveCfg = Debug|Any CPU
		{57FB0166-9A48-499B-AF89-304E9B8C71AB}.Debug|Any CPU.Build.0 = Debug|Any CPU
		{57FB0166-9A48-499B-AF89-304E9B8C71AB}.Release|Any CPU.ActiveCfg = Release|Any CPU
		{57FB0166-9A48-499B-AF89-304E9B8C71AB}.Release|Any CPU.Build.0 = Release|Any CPU
	EndGlobalSection
EndGlobal
